
Microsoft Visual Studio Solution File, Format Version 12.00
# Visual Studio Version 17
VisualStudioVersion = 17.7.34031.279
MinimumVisualStudioVersion = 10.0.40219.1
Project("{8BC9CEB8-8B4A-11D0-8D11-00A0C91BC942}") = "24006963_Adrianahafiy_L6_CircularQueue", "24006963_Adrianahafiy_L6_CircularQueue.vcxproj", "{0C479F0A-8B5B-409D-916E-7EA50D95C61C}"
EndProject
Global
	GlobalSection(SolutionConfigurationPlatforms) = preSolution
		Debug|x64 = Debug|x64
		Debug|x86 = Debug|x86
		Release|x64 = Release|x64
		Release|x86 = Release|x86
	EndGlobalSection
	GlobalSection(ProjectConfigurationPlatforms) = postSolution
		{0C479F0A-8B5B-409D-916E-7EA50D95C61C}.Debug|x64.ActiveCfg = Debug|x64
		{0C479F0A-8B5B-409D-916E-7EA50D95C61C}.Debug|x64.Build.0 = Debug|x64
		{0C479F0A-8B5B-409D-916E-7EA50D95C61C}.Debug|x86.ActiveCfg = Debug|Win32
		{0C479F0A-8B5B-409D-916E-7EA50D95C61C}.Debug|x86.Build.0 = Debug|Win32
		{0C479F0A-8B5B-409D-916E-7EA50D95C61C}.Release|x64.ActiveCfg = Release|x64
		{0C479F0A-8B5B-409D-916E-7EA50D95C61C}.Release|x64.Build.0 = Release|x64
		{0C479F0A-8B5B-409D-916E-7EA50D95C61C}.Release|x86.ActiveCfg = Release|Win32
		{0C479F0A-8B5B-409D-916E-7EA50D95C61C}.Release|x86.Build.0 = Release|Win32
	EndGlobalSection
	GlobalSection(SolutionProperties) = preSolution
		HideSolutionNode = FALSE
	EndGlobalSection
	GlobalSection(ExtensibilityGlobals) = postSolution
		SolutionGuid = {1B5252CC-9C95-46BA-B737-6121F8FE3F7E}
	EndGlobalSection
EndGlobal
