
Microsoft Visual Studio Solution File, Format Version 12.00
# Visual Studio Version 17
VisualStudioVersion = 17.7.34031.279
MinimumVisualStudioVersion = 10.0.40219.1
Project("{8BC9CEB8-8B4A-11D0-8D11-00A0C91BC942}") = "24006963_Adrianahafiy_L2_Hard", "24006963_Adrianahafiy_L2_Hard.vcxproj", "{B5941966-1D4E-4BF8-95DD-FF7E3CEB579F}"
EndProject
Global
	GlobalSection(SolutionConfigurationPlatforms) = preSolution
		Debug|x64 = Debug|x64
		Debug|x86 = Debug|x86
		Release|x64 = Release|x64
		Release|x86 = Release|x86
	EndGlobalSection
	GlobalSection(ProjectConfigurationPlatforms) = postSolution
		{B5941966-1D4E-4BF8-95DD-FF7E3CEB579F}.Debug|x64.ActiveCfg = Debug|x64
		{B5941966-1D4E-4BF8-95DD-FF7E3CEB579F}.Debug|x64.Build.0 = Debug|x64
		{B5941966-1D4E-4BF8-95DD-FF7E3CEB579F}.Debug|x86.ActiveCfg = Debug|Win32
		{B5941966-1D4E-4BF8-95DD-FF7E3CEB579F}.Debug|x86.Build.0 = Debug|Win32
		{B5941966-1D4E-4BF8-95DD-FF7E3CEB579F}.Release|x64.ActiveCfg = Release|x64
		{B5941966-1D4E-4BF8-95DD-FF7E3CEB579F}.Release|x64.Build.0 = Release|x64
		{B5941966-1D4E-4BF8-95DD-FF7E3CEB579F}.Release|x86.ActiveCfg = Release|Win32
		{B5941966-1D4E-4BF8-95DD-FF7E3CEB579F}.Release|x86.Build.0 = Release|Win32
	EndGlobalSection
	GlobalSection(SolutionProperties) = preSolution
		HideSolutionNode = FALSE
	EndGlobalSection
	GlobalSection(ExtensibilityGlobals) = postSolution
		SolutionGuid = {3A07A9DB-C001-4700-952C-03BC0BFF568F}
	EndGlobalSection
EndGlobal
